
Microsoft Visual Studio Solution File, Format Version 12.00
# Visual Studio 15
VisualStudioVersion = 15.0.28306.52
MinimumVisualStudioVersion = 10.0.40219.1
Project("{FAE04EC0-301F-11D3-BF4B-00C04F79EFBC}") = "GivePenny.GherkinCore.Examples", "GivePenny.GherkinCore.Examples\GivePenny.GherkinCore.Examples.csproj", "{45D3D455-2065-477C-9287-1C5DAD0BA042}"
EndProject
Global
	GlobalSection(SolutionConfigurationPlatforms) = preSolution
		Debug|Any CPU = Debug|Any CPU
		Release|Any CPU = Release|Any CPU
	EndGlobalSection
	GlobalSection(ProjectConfigurationPlatforms) = postSolution
		{45D3D455-2065-477C-9287-1C5DAD0BA042}.Debug|Any CPU.ActiveCfg = Debug|Any CPU
		{45D3D455-2065-477C-9287-1C5DAD0BA042}.Debug|Any CPU.Build.0 = Debug|Any CPU
		{45D3D455-2065-477C-9287-1C5DAD0BA042}.Release|Any CPU.ActiveCfg = Release|Any CPU
		{45D3D455-2065-477C-9287-1C5DAD0BA042}.Release|Any CPU.Build.0 = Release|Any CPU
	EndGlobalSection
	GlobalSection(SolutionProperties) = preSolution
		HideSolutionNode = FALSE
	EndGlobalSection
	GlobalSection(ExtensibilityGlobals) = postSolution
		SolutionGuid = {E4068A8A-76E4-4A06-A093-4C5E7AD2836E}
	EndGlobalSection
EndGlobal
