
Microsoft Visual Studio Solution File, Format Version 12.00
# Visual Studio 15
VisualStudioVersion = 15.0.28306.52
MinimumVisualStudioVersion = 10.0.40219.1
Project("{9A19103F-16F7-4668-BE54-9A1E7A4F7556}") = "GivePenny.GherkinSpec.SimpleExample.Tests", "GivePenny.GherkinSpec.SimpleExample.Tests\GivePenny.GherkinSpec.SimpleExample.Tests.csproj", "{45D3D455-2065-477C-9287-1C5DAD0BA042}"
EndProject
Project("{FAE04EC0-301F-11D3-BF4B-00C04F79EFBC}") = "GivePenny.GherkinSpec.SimpleExample", "GivePenny.GherkinSpec.SimpleExample\GivePenny.GherkinSpec.SimpleExample.csproj", "{2FBF7323-4AFD-4EAF-AEB6-54E0B99F1553}"
EndProject
Global
	GlobalSection(SolutionConfigurationPlatforms) = preSolution
		Debug|Any CPU = Debug|Any CPU
		Release|Any CPU = Release|Any CPU
	EndGlobalSection
	GlobalSection(ProjectConfigurationPlatforms) = postSolution
		{45D3D455-2065-477C-9287-1C5DAD0BA042}.Debug|Any CPU.ActiveCfg = Debug|Any CPU
		{45D3D455-2065-477C-9287-1C5DAD0BA042}.Debug|Any CPU.Build.0 = Debug|Any CPU
		{45D3D455-2065-477C-9287-1C5DAD0BA042}.Release|Any CPU.ActiveCfg = Release|Any CPU
		{45D3D455-2065-477C-9287-1C5DAD0BA042}.Release|Any CPU.Build.0 = Release|Any CPU
		{2FBF7323-4AFD-4EAF-AEB6-54E0B99F1553}.Debug|Any CPU.ActiveCfg = Debug|Any CPU
		{2FBF7323-4AFD-4EAF-AEB6-54E0B99F1553}.Debug|Any CPU.Build.0 = Debug|Any CPU
		{2FBF7323-4AFD-4EAF-AEB6-54E0B99F1553}.Release|Any CPU.ActiveCfg = Release|Any CPU
		{2FBF7323-4AFD-4EAF-AEB6-54E0B99F1553}.Release|Any CPU.Build.0 = Release|Any CPU
	EndGlobalSection
	GlobalSection(SolutionProperties) = preSolution
		HideSolutionNode = FALSE
	EndGlobalSection
	GlobalSection(ExtensibilityGlobals) = postSolution
		SolutionGuid = {E4068A8A-76E4-4A06-A093-4C5E7AD2836E}
	EndGlobalSection
EndGlobal
